// !$*UTF8*$!
{
	archiveVersion = 1;
	classes = {
	};
	objectVersion = 46;
	objects = {

/* Begin PBXBuildFile section */
		43414B561BCC944B00D343BB /* JYWeatherView.m in Sources */ = {isa = PBXBuildFile; fileRef = 43414B551BCC944B00D343BB /* JYWeatherView.m */; };
		436344181BCB4A3F00867E1B /* JYMainViewController.m in Sources */ = {isa = PBXBuildFile; fileRef = 436344171BCB4A3F00867E1B /* JYMainViewController.m */; };
		4363441D1BCB4C3C00867E1B /* JYCalendarView.m in Sources */ = {isa = PBXBuildFile; fileRef = 4363441C1BCB4C3C00867E1B /* JYCalendarView.m */; };
		436344201BCB4D9500867E1B /* UIViewExt.m in Sources */ = {isa = PBXBuildFile; fileRef = 4363441F1BCB4D9500867E1B /* UIViewExt.m */; };
		436344241BCB955800867E1B /* LunarCalendar.m in Sources */ = {isa = PBXBuildFile; fileRef = 436344231BCB955800867E1B /* LunarCalendar.m */; settings = {COMPILER_FLAGS = "-fno-objc-arc"; }; };
		43C8888D1BC8AFA600B6BD6B /* main.m in Sources */ = {isa = PBXBuildFile; fileRef = 43C8888C1BC8AFA600B6BD6B /* main.m */; };
		43C888901BC8AFA600B6BD6B /* AppDelegate.m in Sources */ = {isa = PBXBuildFile; fileRef = 43C8888F1BC8AFA600B6BD6B /* AppDelegate.m */; };
		43C888981BC8AFA600B6BD6B /* Images.xcassets in Resources */ = {isa = PBXBuildFile; fileRef = 43C888971BC8AFA600B6BD6B /* Images.xcassets */; };
		43C8889B1BC8AFA600B6BD6B /* LaunchScreen.xib in Resources */ = {isa = PBXBuildFile; fileRef = 43C888991BC8AFA600B6BD6B /* LaunchScreen.xib */; };
		43C888A71BC8AFA600B6BD6B /* JYCalendarTests.m in Sources */ = {isa = PBXBuildFile; fileRef = 43C888A61BC8AFA600B6BD6B /* JYCalendarTests.m */; };
		43C888BE1BC8E48D00B6BD6B /* JYRemindViewController.m in Sources */ = {isa = PBXBuildFile; fileRef = 43C888BD1BC8E48D00B6BD6B /* JYRemindViewController.m */; };
		43C888C21BC8F0FD00B6BD6B /* JYSetUpViewController.m in Sources */ = {isa = PBXBuildFile; fileRef = 43C888C11BC8F0FD00B6BD6B /* JYSetUpViewController.m */; };
		43C888C61BC9032300B6BD6B /* Tool.m in Sources */ = {isa = PBXBuildFile; fileRef = 43C888C51BC9032300B6BD6B /* Tool.m */; };
/* End PBXBuildFile section */

/* Begin PBXContainerItemProxy section */
		43C888A11BC8AFA600B6BD6B /* PBXContainerItemProxy */ = {
			isa = PBXContainerItemProxy;
			containerPortal = 43C8887F1BC8AFA600B6BD6B /* Project object */;
			proxyType = 1;
			remoteGlobalIDString = 43C888861BC8AFA600B6BD6B;
			remoteInfo = JYCalendar;
		};
/* End PBXContainerItemProxy section */

/* Begin PBXFileReference section */
		43414B541BCC944B00D343BB /* JYWeatherView.h */ = {isa = PBXFileReference; fileEncoding = 4; lastKnownFileType = sourcecode.c.h; path = JYWeatherView.h; sourceTree = "<group>"; };
		43414B551BCC944B00D343BB /* JYWeatherView.m */ = {isa = PBXFileReference; fileEncoding = 4; lastKnownFileType = sourcecode.c.objc; path = JYWeatherView.m; sourceTree = "<group>"; };
		436344161BCB4A3F00867E1B /* JYMainViewController.h */ = {isa = PBXFileReference; fileEncoding = 4; lastKnownFileType = sourcecode.c.h; path = JYMainViewController.h; sourceTree = "<group>"; };
		436344171BCB4A3F00867E1B /* JYMainViewController.m */ = {isa = PBXFileReference; fileEncoding = 4; lastKnownFileType = sourcecode.c.objc; path = JYMainViewController.m; sourceTree = "<group>"; };
		4363441B1BCB4C3C00867E1B /* JYCalendarView.h */ = {isa = PBXFileReference; fileEncoding = 4; lastKnownFileType = sourcecode.c.h; path = JYCalendarView.h; sourceTree = "<group>"; };
		4363441C1BCB4C3C00867E1B /* JYCalendarView.m */ = {isa = PBXFileReference; fileEncoding = 4; lastKnownFileType = sourcecode.c.objc; path = JYCalendarView.m; sourceTree = "<group>"; };
		4363441E1BCB4D9500867E1B /* UIViewExt.h */ = {isa = PBXFileReference; fileEncoding = 4; lastKnownFileType = sourcecode.c.h; path = UIViewExt.h; sourceTree = "<group>"; };
		4363441F1BCB4D9500867E1B /* UIViewExt.m */ = {isa = PBXFileReference; fileEncoding = 4; lastKnownFileType = sourcecode.c.objc; path = UIViewExt.m; sourceTree = "<group>"; };
		436344211BCB4FD700867E1B /* Tags.h */ = {isa = PBXFileReference; fileEncoding = 4; lastKnownFileType = sourcecode.c.h; path = Tags.h; sourceTree = "<group>"; };
		436344221BCB955800867E1B /* LunarCalendar.h */ = {isa = PBXFileReference; fileEncoding = 4; lastKnownFileType = sourcecode.c.h; path = LunarCalendar.h; sourceTree = "<group>"; };
		436344231BCB955800867E1B /* LunarCalendar.m */ = {isa = PBXFileReference; fileEncoding = 4; lastKnownFileType = sourcecode.c.objc; path = LunarCalendar.m; sourceTree = "<group>"; };
		43C888871BC8AFA600B6BD6B /* JYCalendar.app */ = {isa = PBXFileReference; explicitFileType = wrapper.application; includeInIndex = 0; path = JYCalendar.app; sourceTree = BUILT_PRODUCTS_DIR; };
		43C8888B1BC8AFA600B6BD6B /* Info.plist */ = {isa = PBXFileReference; lastKnownFileType = text.plist.xml; path = Info.plist; sourceTree = "<group>"; };
		43C8888C1BC8AFA600B6BD6B /* main.m */ = {isa = PBXFileReference; lastKnownFileType = sourcecode.c.objc; path = main.m; sourceTree = "<group>"; };
		43C8888E1BC8AFA600B6BD6B /* AppDelegate.h */ = {isa = PBXFileReference; lastKnownFileType = sourcecode.c.h; path = AppDelegate.h; sourceTree = "<group>"; };
		43C8888F1BC8AFA600B6BD6B /* AppDelegate.m */ = {isa = PBXFileReference; lastKnownFileType = sourcecode.c.objc; path = AppDelegate.m; sourceTree = "<group>"; };
		43C888971BC8AFA600B6BD6B /* Images.xcassets */ = {isa = PBXFileReference; lastKnownFileType = folder.assetcatalog; path = Images.xcassets; sourceTree = "<group>"; };
		43C8889A1BC8AFA600B6BD6B /* Base */ = {isa = PBXFileReference; lastKnownFileType = file.xib; name = Base; path = Base.lproj/LaunchScreen.xib; sourceTree = "<group>"; };
		43C888A01BC8AFA600B6BD6B /* JYCalendarTests.xctest */ = {isa = PBXFileReference; explicitFileType = wrapper.cfbundle; includeInIndex = 0; path = JYCalendarTests.xctest; sourceTree = BUILT_PRODUCTS_DIR; };
		43C888A51BC8AFA600B6BD6B /* Info.plist */ = {isa = PBXFileReference; lastKnownFileType = text.plist.xml; path = Info.plist; sourceTree = "<group>"; };
		43C888A61BC8AFA600B6BD6B /* JYCalendarTests.m */ = {isa = PBXFileReference; lastKnownFileType = sourcecode.c.objc; path = JYCalendarTests.m; sourceTree = "<group>"; };
		43C888B01BC8B22800B6BD6B /* JYCalendarPCH.pch */ = {isa = PBXFileReference; fileEncoding = 4; lastKnownFileType = sourcecode.c.h; path = JYCalendarPCH.pch; sourceTree = "<group>"; };
		43C888BC1BC8E48D00B6BD6B /* JYRemindViewController.h */ = {isa = PBXFileReference; fileEncoding = 4; lastKnownFileType = sourcecode.c.h; path = JYRemindViewController.h; sourceTree = "<group>"; };
		43C888BD1BC8E48D00B6BD6B /* JYRemindViewController.m */ = {isa = PBXFileReference; fileEncoding = 4; lastKnownFileType = sourcecode.c.objc; path = JYRemindViewController.m; sourceTree = "<group>"; };
		43C888C01BC8F0FD00B6BD6B /* JYSetUpViewController.h */ = {isa = PBXFileReference; fileEncoding = 4; lastKnownFileType = sourcecode.c.h; path = JYSetUpViewController.h; sourceTree = "<group>"; };
		43C888C11BC8F0FD00B6BD6B /* JYSetUpViewController.m */ = {isa = PBXFileReference; fileEncoding = 4; lastKnownFileType = sourcecode.c.objc; path = JYSetUpViewController.m; sourceTree = "<group>"; };
		43C888C41BC9032300B6BD6B /* Tool.h */ = {isa = PBXFileReference; fileEncoding = 4; lastKnownFileType = sourcecode.c.h; path = Tool.h; sourceTree = "<group>"; };
		43C888C51BC9032300B6BD6B /* Tool.m */ = {isa = PBXFileReference; fileEncoding = 4; lastKnownFileType = sourcecode.c.objc; path = Tool.m; sourceTree = "<group>"; };
		43C888C71BC9039B00B6BD6B /* Header.h */ = {isa = PBXFileReference; fileEncoding = 4; lastKnownFileType = sourcecode.c.h; path = Header.h; sourceTree = "<group>"; };
		43C888C81BC9068D00B6BD6B /* WidthOrHeight.h */ = {isa = PBXFileReference; fileEncoding = 4; lastKnownFileType = sourcecode.c.h; path = WidthOrHeight.h; sourceTree = "<group>"; };
		43C888C91BC906C200B6BD6B /* Logs.h */ = {isa = PBXFileReference; fileEncoding = 4; lastKnownFileType = sourcecode.c.h; path = Logs.h; sourceTree = "<group>"; };
/* End PBXFileReference section */

/* Begin PBXFrameworksBuildPhase section */
		43C888841BC8AFA600B6BD6B /* Frameworks */ = {
			isa = PBXFrameworksBuildPhase;
			buildActionMask = 2147483647;
			files = (
			);
			runOnlyForDeploymentPostprocessing = 0;
		};
		43C8889D1BC8AFA600B6BD6B /* Frameworks */ = {
			isa = PBXFrameworksBuildPhase;
			buildActionMask = 2147483647;
			files = (
			);
			runOnlyForDeploymentPostprocessing = 0;
		};
/* End PBXFrameworksBuildPhase section */

/* Begin PBXGroup section */
		436344151BCB4A2500867E1B /* Controller */ = {
			isa = PBXGroup;
			children = (
				436344161BCB4A3F00867E1B /* JYMainViewController.h */,
				436344171BCB4A3F00867E1B /* JYMainViewController.m */,
			);
			path = Controller;
			sourceTree = "<group>";
		};
		436344191BCB4A6800867E1B /* Model */ = {
			isa = PBXGroup;
			children = (
			);
			path = Model;
			sourceTree = "<group>";
		};
		4363441A1BCB4A7500867E1B /* View */ = {
			isa = PBXGroup;
			children = (
				4363441B1BCB4C3C00867E1B /* JYCalendarView.h */,
				4363441C1BCB4C3C00867E1B /* JYCalendarView.m */,
				43414B541BCC944B00D343BB /* JYWeatherView.h */,
				43414B551BCC944B00D343BB /* JYWeatherView.m */,
			);
			path = View;
			sourceTree = "<group>";
		};
		43C8887E1BC8AFA600B6BD6B = {
			isa = PBXGroup;
			children = (
				43C888891BC8AFA600B6BD6B /* JYCalendar */,
				43C888A31BC8AFA600B6BD6B /* JYCalendarTests */,
				43C888881BC8AFA600B6BD6B /* Products */,
			);
			sourceTree = "<group>";
		};
		43C888881BC8AFA600B6BD6B /* Products */ = {
			isa = PBXGroup;
			children = (
				43C888871BC8AFA600B6BD6B /* JYCalendar.app */,
				43C888A01BC8AFA600B6BD6B /* JYCalendarTests.xctest */,
			);
			name = Products;
			sourceTree = "<group>";
		};
		43C888891BC8AFA600B6BD6B /* JYCalendar */ = {
			isa = PBXGroup;
			children = (
				43C8888E1BC8AFA600B6BD6B /* AppDelegate.h */,
				43C8888F1BC8AFA600B6BD6B /* AppDelegate.m */,
				43C888BF1BC8F0ED00B6BD6B /* SetUp */,
				43C888BB1BC8E47300B6BD6B /* Remind */,
				43C888B71BC8E43000B6BD6B /* Calendar */,
				43C888971BC8AFA600B6BD6B /* Images.xcassets */,
				43C888991BC8AFA600B6BD6B /* LaunchScreen.xib */,
				43C8888A1BC8AFA600B6BD6B /* Supporting Files */,
			);
			path = JYCalendar;
			sourceTree = "<group>";
		};
		43C8888A1BC8AFA600B6BD6B /* Supporting Files */ = {
			isa = PBXGroup;
			children = (
				43C888C31BC9030B00B6BD6B /* Tool */,
				43C8888B1BC8AFA600B6BD6B /* Info.plist */,
				43C8888C1BC8AFA600B6BD6B /* main.m */,
				43C888B01BC8B22800B6BD6B /* JYCalendarPCH.pch */,
				43C888C71BC9039B00B6BD6B /* Header.h */,
				43C888C81BC9068D00B6BD6B /* WidthOrHeight.h */,
				43C888C91BC906C200B6BD6B /* Logs.h */,
				436344211BCB4FD700867E1B /* Tags.h */,
			);
			name = "Supporting Files";
			sourceTree = "<group>";
		};
		43C888A31BC8AFA600B6BD6B /* JYCalendarTests */ = {
			isa = PBXGroup;
			children = (
				43C888A61BC8AFA600B6BD6B /* JYCalendarTests.m */,
				43C888A41BC8AFA600B6BD6B /* Supporting Files */,
			);
			path = JYCalendarTests;
			sourceTree = "<group>";
		};
		43C888A41BC8AFA600B6BD6B /* Supporting Files */ = {
			isa = PBXGroup;
			children = (
				43C888A51BC8AFA600B6BD6B /* Info.plist */,
			);
			name = "Supporting Files";
			sourceTree = "<group>";
		};
		43C888B71BC8E43000B6BD6B /* Calendar */ = {
			isa = PBXGroup;
			children = (
				4363441A1BCB4A7500867E1B /* View */,
				436344191BCB4A6800867E1B /* Model */,
				436344151BCB4A2500867E1B /* Controller */,
			);
			path = Calendar;
			sourceTree = "<group>";
		};
		43C888BB1BC8E47300B6BD6B /* Remind */ = {
			isa = PBXGroup;
			children = (
				43C888BC1BC8E48D00B6BD6B /* JYRemindViewController.h */,
				43C888BD1BC8E48D00B6BD6B /* JYRemindViewController.m */,
			);
			path = Remind;
			sourceTree = "<group>";
		};
		43C888BF1BC8F0ED00B6BD6B /* SetUp */ = {
			isa = PBXGroup;
			children = (
				43C888C01BC8F0FD00B6BD6B /* JYSetUpViewController.h */,
				43C888C11BC8F0FD00B6BD6B /* JYSetUpViewController.m */,
			);
			path = SetUp;
			sourceTree = "<group>";
		};
		43C888C31BC9030B00B6BD6B /* Tool */ = {
			isa = PBXGroup;
			children = (
				436344221BCB955800867E1B /* LunarCalendar.h */,
				436344231BCB955800867E1B /* LunarCalendar.m */,
				4363441E1BCB4D9500867E1B /* UIViewExt.h */,
				4363441F1BCB4D9500867E1B /* UIViewExt.m */,
				43C888C41BC9032300B6BD6B /* Tool.h */,
				43C888C51BC9032300B6BD6B /* Tool.m */,
			);
			path = Tool;
			sourceTree = "<group>";
		};
/* End PBXGroup section */

/* Begin PBXNativeTarget section */
		43C888861BC8AFA600B6BD6B /* JYCalendar */ = {
			isa = PBXNativeTarget;
			buildConfigurationList = 43C888AA1BC8AFA600B6BD6B /* Build configuration list for PBXNativeTarget "JYCalendar" */;
			buildPhases = (
				43C888831BC8AFA600B6BD6B /* Sources */,
				43C888841BC8AFA600B6BD6B /* Frameworks */,
				43C888851BC8AFA600B6BD6B /* Resources */,
			);
			buildRules = (
			);
			dependencies = (
			);
			name = JYCalendar;
			productName = JYCalendar;
			productReference = 43C888871BC8AFA600B6BD6B /* JYCalendar.app */;
			productType = "com.apple.product-type.application";
		};
		43C8889F1BC8AFA600B6BD6B /* JYCalendarTests */ = {
			isa = PBXNativeTarget;
			buildConfigurationList = 43C888AD1BC8AFA600B6BD6B /* Build configuration list for PBXNativeTarget "JYCalendarTests" */;
			buildPhases = (
				43C8889C1BC8AFA600B6BD6B /* Sources */,
				43C8889D1BC8AFA600B6BD6B /* Frameworks */,
				43C8889E1BC8AFA600B6BD6B /* Resources */,
			);
			buildRules = (
			);
			dependencies = (
				43C888A21BC8AFA600B6BD6B /* PBXTargetDependency */,
			);
			name = JYCalendarTests;
			productName = JYCalendarTests;
			productReference = 43C888A01BC8AFA600B6BD6B /* JYCalendarTests.xctest */;
			productType = "com.apple.product-type.bundle.unit-test";
		};
/* End PBXNativeTarget section */

/* Begin PBXProject section */
		43C8887F1BC8AFA600B6BD6B /* Project object */ = {
			isa = PBXProject;
			attributes = {
				LastUpgradeCheck = 0640;
				ORGANIZATIONNAME = "玄机天地";
				TargetAttributes = {
					43C888861BC8AFA600B6BD6B = {
						CreatedOnToolsVersion = 6.4;
					};
					43C8889F1BC8AFA600B6BD6B = {
						CreatedOnToolsVersion = 6.4;
						TestTargetID = 43C888861BC8AFA600B6BD6B;
					};
				};
			};
			buildConfigurationList = 43C888821BC8AFA600B6BD6B /* Build configuration list for PBXProject "JYCalendar" */;
			compatibilityVersion = "Xcode 3.2";
			developmentRegion = English;
			hasScannedForEncodings = 0;
			knownRegions = (
				en,
				Base,
			);
			mainGroup = 43C8887E1BC8AFA600B6BD6B;
			productRefGroup = 43C888881BC8AFA600B6BD6B /* Products */;
			projectDirPath = "";
			projectRoot = "";
			targets = (
				43C888861BC8AFA600B6BD6B /* JYCalendar */,
				43C8889F1BC8AFA600B6BD6B /* JYCalendarTests */,
			);
		};
/* End PBXProject section */

/* Begin PBXResourcesBuildPhase section */
		43C888851BC8AFA600B6BD6B /* Resources */ = {
			isa = PBXResourcesBuildPhase;
			buildActionMask = 2147483647;
			files = (
				43C8889B1BC8AFA600B6BD6B /* LaunchScreen.xib in Resources */,
				43C888981BC8AFA600B6BD6B /* Images.xcassets in Resources */,
			);
			runOnlyForDeploymentPostprocessing = 0;
		};
		43C8889E1BC8AFA600B6BD6B /* Resources */ = {
			isa = PBXResourcesBuildPhase;
			buildActionMask = 2147483647;
			files = (
			);
			runOnlyForDeploymentPostprocessing = 0;
		};
/* End PBXResourcesBuildPhase section */

/* Begin PBXSourcesBuildPhase section */
		43C888831BC8AFA600B6BD6B /* Sources */ = {
			isa = PBXSourcesBuildPhase;
			buildActionMask = 2147483647;
			files = (
				436344241BCB955800867E1B /* LunarCalendar.m in Sources */,
				436344201BCB4D9500867E1B /* UIViewExt.m in Sources */,
				436344181BCB4A3F00867E1B /* JYMainViewController.m in Sources */,
				43C888C21BC8F0FD00B6BD6B /* JYSetUpViewController.m in Sources */,
				43C888BE1BC8E48D00B6BD6B /* JYRemindViewController.m in Sources */,
				4363441D1BCB4C3C00867E1B /* JYCalendarView.m in Sources */,
				43C888C61BC9032300B6BD6B /* Tool.m in Sources */,
				43C888901BC8AFA600B6BD6B /* AppDelegate.m in Sources */,
				43414B561BCC944B00D343BB /* JYWeatherView.m in Sources */,
				43C8888D1BC8AFA600B6BD6B /* main.m in Sources */,
			);
			runOnlyForDeploymentPostprocessing = 0;
		};
		43C8889C1BC8AFA600B6BD6B /* Sources */ = {
			isa = PBXSourcesBuildPhase;
			buildActionMask = 2147483647;
			files = (
				43C888A71BC8AFA600B6BD6B /* JYCalendarTests.m in Sources */,
			);
			runOnlyForDeploymentPostprocessing = 0;
		};
/* End PBXSourcesBuildPhase section */

/* Begin PBXTargetDependency section */
		43C888A21BC8AFA600B6BD6B /* PBXTargetDependency */ = {
			isa = PBXTargetDependency;
			target = 43C888861BC8AFA600B6BD6B /* JYCalendar */;
			targetProxy = 43C888A11BC8AFA600B6BD6B /* PBXContainerItemProxy */;
		};
/* End PBXTargetDependency section */

/* Begin PBXVariantGroup section */
		43C888991BC8AFA600B6BD6B /* LaunchScreen.xib */ = {
			isa = PBXVariantGroup;
			children = (
				43C8889A1BC8AFA600B6BD6B /* Base */,
			);
			name = LaunchScreen.xib;
			sourceTree = "<group>";
		};
/* End PBXVariantGroup section */

/* Begin XCBuildConfiguration section */
		43C888A81BC8AFA600B6BD6B /* Debug */ = {
			isa = XCBuildConfiguration;
			buildSettings = {
				ALWAYS_SEARCH_USER_PATHS = NO;
				CLANG_CXX_LANGUAGE_STANDARD = "gnu++0x";
				CLANG_CXX_LIBRARY = "libc++";
				CLANG_ENABLE_MODULES = YES;
				CLANG_ENABLE_OBJC_ARC = YES;
				CLANG_WARN_BOOL_CONVERSION = YES;
				CLANG_WARN_CONSTANT_CONVERSION = YES;
				CLANG_WARN_DIRECT_OBJC_ISA_USAGE = YES_ERROR;
				CLANG_WARN_EMPTY_BODY = YES;
				CLANG_WARN_ENUM_CONVERSION = YES;
				CLANG_WARN_INT_CONVERSION = YES;
				CLANG_WARN_OBJC_ROOT_CLASS = YES_ERROR;
				CLANG_WARN_UNREACHABLE_CODE = YES;
				CLANG_WARN__DUPLICATE_METHOD_MATCH = YES;
				"CODE_SIGN_IDENTITY[sdk=iphoneos*]" = "iPhone Developer";
				COPY_PHASE_STRIP = NO;
				DEBUG_INFORMATION_FORMAT = "dwarf-with-dsym";
				ENABLE_STRICT_OBJC_MSGSEND = YES;
				GCC_C_LANGUAGE_STANDARD = gnu99;
				GCC_DYNAMIC_NO_PIC = NO;
				GCC_NO_COMMON_BLOCKS = YES;
				GCC_OPTIMIZATION_LEVEL = 0;
				GCC_PREPROCESSOR_DEFINITIONS = (
					"DEBUG=1",
					"$(inherited)",
				);
				GCC_SYMBOLS_PRIVATE_EXTERN = NO;
				GCC_WARN_64_TO_32_BIT_CONVERSION = YES;
				GCC_WARN_ABOUT_RETURN_TYPE = YES_ERROR;
				GCC_WARN_UNDECLARED_SELECTOR = YES;
				GCC_WARN_UNINITIALIZED_AUTOS = YES_AGGRESSIVE;
				GCC_WARN_UNUSED_FUNCTION = YES;
				GCC_WARN_UNUSED_VARIABLE = YES;
				IPHONEOS_DEPLOYMENT_TARGET = 8.4;
				MTL_ENABLE_DEBUG_INFO = YES;
				ONLY_ACTIVE_ARCH = YES;
				SDKROOT = iphoneos;
			};
			name = Debug;
		};
		43C888A91BC8AFA600B6BD6B /* Release */ = {
			isa = XCBuildConfiguration;
			buildSettings = {
				ALWAYS_SEARCH_USER_PATHS = NO;
				CLANG_CXX_LANGUAGE_STANDARD = "gnu++0x";
				CLANG_CXX_LIBRARY = "libc++";
				CLANG_ENABLE_MODULES = YES;
				CLANG_ENABLE_OBJC_ARC = YES;
				CLANG_WARN_BOOL_CONVERSION = YES;
				CLANG_WARN_CONSTANT_CONVERSION = YES;
				CLANG_WARN_DIRECT_OBJC_ISA_USAGE = YES_ERROR;
				CLANG_WARN_EMPTY_BODY = YES;
				CLANG_WARN_ENUM_CONVERSION = YES;
				CLANG_WARN_INT_CONVERSION = YES;
				CLANG_WARN_OBJC_ROOT_CLASS = YES_ERROR;
				CLANG_WARN_UNREACHABLE_CODE = YES;
				CLANG_WARN__DUPLICATE_METHOD_MATCH = YES;
				"CODE_SIGN_IDENTITY[sdk=iphoneos*]" = "iPhone Developer";
				COPY_PHASE_STRIP = NO;
				DEBUG_INFORMATION_FORMAT = "dwarf-with-dsym";
				ENABLE_NS_ASSERTIONS = NO;
				ENABLE_STRICT_OBJC_MSGSEND = YES;
				GCC_C_LANGUAGE_STANDARD = gnu99;
				GCC_NO_COMMON_BLOCKS = YES;
				GCC_WARN_64_TO_32_BIT_CONVERSION = YES;
				GCC_WARN_ABOUT_RETURN_TYPE = YES_ERROR;
				GCC_WARN_UNDECLARED_SELECTOR = YES;
				GCC_WARN_UNINITIALIZED_AUTOS = YES_AGGRESSIVE;
				GCC_WARN_UNUSED_FUNCTION = YES;
				GCC_WARN_UNUSED_VARIABLE = YES;
				IPHONEOS_DEPLOYMENT_TARGET = 8.4;
				MTL_ENABLE_DEBUG_INFO = NO;
				SDKROOT = iphoneos;
				VALIDATE_PRODUCT = YES;
			};
			name = Release;
		};
		43C888AB1BC8AFA600B6BD6B /* Debug */ = {
			isa = XCBuildConfiguration;
			buildSettings = {
				ASSETCATALOG_COMPILER_APPICON_NAME = AppIcon;
				GCC_PRECOMPILE_PREFIX_HEADER = YES;
				GCC_PREFIX_HEADER = JYCalendar/JYCalendarPCH.pch;
				INFOPLIST_FILE = JYCalendar/Info.plist;
				LD_RUNPATH_SEARCH_PATHS = "$(inherited) @executable_path/Frameworks";
				PRODUCT_NAME = "$(TARGET_NAME)";
			};
			name = Debug;
		};
		43C888AC1BC8AFA600B6BD6B /* Release */ = {
			isa = XCBuildConfiguration;
			buildSettings = {
				ASSETCATALOG_COMPILER_APPICON_NAME = AppIcon;
				GCC_PRECOMPILE_PREFIX_HEADER = YES;
				GCC_PREFIX_HEADER = JYCalendar/JYCalendarPCH.pch;
				INFOPLIST_FILE = JYCalendar/Info.plist;
				LD_RUNPATH_SEARCH_PATHS = "$(inherited) @executable_path/Frameworks";
				PRODUCT_NAME = "$(TARGET_NAME)";
			};
			name = Release;
		};
		43C888AE1BC8AFA600B6BD6B /* Debug */ = {
			isa = XCBuildConfiguration;
			buildSettings = {
				BUNDLE_LOADER = "$(TEST_HOST)";
				FRAMEWORK_SEARCH_PATHS = (
					"$(SDKROOT)/Developer/Library/Frameworks",
					"$(inherited)",
				);
				GCC_PREPROCESSOR_DEFINITIONS = (
					"DEBUG=1",
					"$(inherited)",
				);
				INFOPLIST_FILE = JYCalendarTests/Info.plist;
				LD_RUNPATH_SEARCH_PATHS = "$(inherited) @executable_path/Frameworks @loader_path/Frameworks";
				PRODUCT_NAME = "$(TARGET_NAME)";
				TEST_HOST = "$(BUILT_PRODUCTS_DIR)/JYCalendar.app/JYCalendar";
			};
			name = Debug;
		};
		43C888AF1BC8AFA600B6BD6B /* Release */ = {
			isa = XCBuildConfiguration;
			buildSettings = {
				BUNDLE_LOADER = "$(TEST_HOST)";
				FRAMEWORK_SEARCH_PATHS = (
					"$(SDKROOT)/Developer/Library/Frameworks",
					"$(inherited)",
				);
				INFOPLIST_FILE = JYCalendarTests/Info.plist;
				LD_RUNPATH_SEARCH_PATHS = "$(inherited) @executable_path/Frameworks @loader_path/Frameworks";
				PRODUCT_NAME = "$(TARGET_NAME)";
				TEST_HOST = "$(BUILT_PRODUCTS_DIR)/JYCalendar.app/JYCalendar";
			};
			name = Release;
		};
/* End XCBuildConfiguration section */

/* Begin XCConfigurationList section */
		43C888821BC8AFA600B6BD6B /* Build configuration list for PBXProject "JYCalendar" */ = {
			isa = XCConfigurationList;
			buildConfigurations = (
				43C888A81BC8AFA600B6BD6B /* Debug */,
				43C888A91BC8AFA600B6BD6B /* Release */,
			);
			defaultConfigurationIsVisible = 0;
			defaultConfigurationName = Release;
		};
		43C888AA1BC8AFA600B6BD6B /* Build configuration list for PBXNativeTarget "JYCalendar" */ = {
			isa = XCConfigurationList;
			buildConfigurations = (
				43C888AB1BC8AFA600B6BD6B /* Debug */,
				43C888AC1BC8AFA600B6BD6B /* Release */,
			);
			defaultConfigurationIsVisible = 0;
			defaultConfigurationName = Release;
		};
		43C888AD1BC8AFA600B6BD6B /* Build configuration list for PBXNativeTarget "JYCalendarTests" */ = {
			isa = XCConfigurationList;
			buildConfigurations = (
				43C888AE1BC8AFA600B6BD6B /* Debug */,
				43C888AF1BC8AFA600B6BD6B /* Release */,
			);
			defaultConfigurationIsVisible = 0;
			defaultConfigurationName = Release;
		};
/* End XCConfigurationList section */
	};
	rootObject = 43C8887F1BC8AFA600B6BD6B /* Project object */;
}
